// !$*UTF8*$!
{
	archiveVersion = 1;
	classes = {
	};
	objectVersion = 56;
	objects = {

/* Begin PBXBuildFile section */
		449066062ABA1339006BF246 /* MYCApp.swift in Sources */ = {isa = PBXBuildFile; fileRef = 449066052ABA1339006BF246 /* MYCApp.swift */; };
		449066082ABA1339006BF246 /* ContentView.swift in Sources */ = {isa = PBXBuildFile; fileRef = 449066072ABA1339006BF246 /* ContentView.swift */; };
		4490660A2ABA133B006BF246 /* Assets.xcassets in Resources */ = {isa = PBXBuildFile; fileRef = 449066092ABA133B006BF246 /* Assets.xcassets */; };
		4490660D2ABA133B006BF246 /* Preview Assets.xcassets in Resources */ = {isa = PBXBuildFile; fileRef = 4490660C2ABA133B006BF246 /* Preview Assets.xcassets */; };
		449066172ABA133B006BF246 /* MYCTests.swift in Sources */ = {isa = PBXBuildFile; fileRef = 449066162ABA133B006BF246 /* MYCTests.swift */; };
		449066212ABA133B006BF246 /* MYCUITests.swift in Sources */ = {isa = PBXBuildFile; fileRef = 449066202ABA133B006BF246 /* MYCUITests.swift */; };
		449066232ABA133B006BF246 /* MYCUITestsLaunchTests.swift in Sources */ = {isa = PBXBuildFile; fileRef = 449066222ABA133B006BF246 /* MYCUITestsLaunchTests.swift */; };
/* End PBXBuildFile section */

/* Begin PBXContainerItemProxy section */
		449066132ABA133B006BF246 /* PBXContainerItemProxy */ = {
			isa = PBXContainerItemProxy;
			containerPortal = 449065FA2ABA1339006BF246 /* Project object */;
			proxyType = 1;
			remoteGlobalIDString = 449066012ABA1339006BF246;
			remoteInfo = MYC;
		};
		4490661D2ABA133B006BF246 /* PBXContainerItemProxy */ = {
			isa = PBXContainerItemProxy;
			containerPortal = 449065FA2ABA1339006BF246 /* Project object */;
			proxyType = 1;
			remoteGlobalIDString = 449066012ABA1339006BF246;
			remoteInfo = MYC;
		};
/* End PBXContainerItemProxy section */

/* Begin PBXFileReference section */
		449066022ABA1339006BF246 /* MYC.app */ = {isa = PBXFileReference; explicitFileType = wrapper.application; includeInIndex = 0; path = MYC.app; sourceTree = BUILT_PRODUCTS_DIR; };
		449066052ABA1339006BF246 /* MYCApp.swift */ = {isa = PBXFileReference; lastKnownFileType = sourcecode.swift; path = MYCApp.swift; sourceTree = "<group>"; };
		449066072ABA1339006BF246 /* ContentView.swift */ = {isa = PBXFileReference; lastKnownFileType = sourcecode.swift; path = ContentView.swift; sourceTree = "<group>"; };
		449066092ABA133B006BF246 /* Assets.xcassets */ = {isa = PBXFileReference; lastKnownFileType = folder.assetcatalog; path = Assets.xcassets; sourceTree = "<group>"; };
		4490660C2ABA133B006BF246 /* Preview Assets.xcassets */ = {isa = PBXFileReference; lastKnownFileType = folder.assetcatalog; path = "Preview Assets.xcassets"; sourceTree = "<group>"; };
		449066122ABA133B006BF246 /* MYCTests.xctest */ = {isa = PBXFileReference; explicitFileType = wrapper.cfbundle; includeInIndex = 0; path = MYCTests.xctest; sourceTree = BUILT_PRODUCTS_DIR; };
		449066162ABA133B006BF246 /* MYCTests.swift */ = {isa = PBXFileReference; lastKnownFileType = sourcecode.swift; path = MYCTests.swift; sourceTree = "<group>"; };
		4490661C2ABA133B006BF246 /* MYCUITests.xctest */ = {isa = PBXFileReference; explicitFileType = wrapper.cfbundle; includeInIndex = 0; path = MYCUITests.xctest; sourceTree = BUILT_PRODUCTS_DIR; };
		449066202ABA133B006BF246 /* MYCUITests.swift */ = {isa = PBXFileReference; lastKnownFileType = sourcecode.swift; path = MYCUITests.swift; sourceTree = "<group>"; };
		449066222ABA133B006BF246 /* MYCUITestsLaunchTests.swift */ = {isa = PBXFileReference; lastKnownFileType = sourcecode.swift; path = MYCUITestsLaunchTests.swift; sourceTree = "<group>"; };
/* End PBXFileReference section */

/* Begin PBXFrameworksBuildPhase section */
		449065FF2ABA1339006BF246 /* Frameworks */ = {
			isa = PBXFrameworksBuildPhase;
			buildActionMask = 2147483647;
			files = (
			);
			runOnlyForDeploymentPostprocessing = 0;
		};
		4490660F2ABA133B006BF246 /* Frameworks */ = {
			isa = PBXFrameworksBuildPhase;
			buildActionMask = 2147483647;
			files = (
			);
			runOnlyForDeploymentPostprocessing = 0;
		};
		449066192ABA133B006BF246 /* Frameworks */ = {
			isa = PBXFrameworksBuildPhase;
			buildActionMask = 2147483647;
			files = (
			);
			runOnlyForDeploymentPostprocessing = 0;
		};
/* End PBXFrameworksBuildPhase section */

/* Begin PBXGroup section */
		449065F92ABA1339006BF246 = {
			isa = PBXGroup;
			children = (
				449066042ABA1339006BF246 /* MYC */,
				449066152ABA133B006BF246 /* MYCTests */,
				4490661F2ABA133B006BF246 /* MYCUITests */,
				449066032ABA1339006BF246 /* Products */,
			);
			sourceTree = "<group>";
		};
		449066032ABA1339006BF246 /* Products */ = {
			isa = PBXGroup;
			children = (
				449066022ABA1339006BF246 /* MYC.app */,
				449066122ABA133B006BF246 /* MYCTests.xctest */,
				4490661C2ABA133B006BF246 /* MYCUITests.xctest */,
			);
			name = Products;
			sourceTree = "<group>";
		};
		449066042ABA1339006BF246 /* MYC */ = {
			isa = PBXGroup;
			children = (
				449066052ABA1339006BF246 /* MYCApp.swift */,
				449066072ABA1339006BF246 /* ContentView.swift */,
				449066092ABA133B006BF246 /* Assets.xcassets */,
				4490660B2ABA133B006BF246 /* Preview Content */,
			);
			path = MYC;
			sourceTree = "<group>";
		};
		4490660B2ABA133B006BF246 /* Preview Content */ = {
			isa = PBXGroup;
			children = (
				4490660C2ABA133B006BF246 /* Preview Assets.xcassets */,
			);
			path = "Preview Content";
			sourceTree = "<group>";
		};
		449066152ABA133B006BF246 /* MYCTests */ = {
			isa = PBXGroup;
			children = (
				449066162ABA133B006BF246 /* MYCTests.swift */,
			);
			path = MYCTests;
			sourceTree = "<group>";
		};
		4490661F2ABA133B006BF246 /* MYCUITests */ = {
			isa = PBXGroup;
			children = (
				449066202ABA133B006BF246 /* MYCUITests.swift */,
				449066222ABA133B006BF246 /* MYCUITestsLaunchTests.swift */,
			);
			path = MYCUITests;
			sourceTree = "<group>";
		};
/* End PBXGroup section */

/* Begin PBXNativeTarget section */
		449066012ABA1339006BF246 /* MYC */ = {
			isa = PBXNativeTarget;
			buildConfigurationList = 449066262ABA133B006BF246 /* Build configuration list for PBXNativeTarget "MYC" */;
			buildPhases = (
				449065FE2ABA1339006BF246 /* Sources */,
				449065FF2ABA1339006BF246 /* Frameworks */,
				449066002ABA1339006BF246 /* Resources */,
			);
			buildRules = (
			);
			dependencies = (
			);
			name = MYC;
			productName = MYC;
			productReference = 449066022ABA1339006BF246 /* MYC.app */;
			productType = "com.apple.product-type.application";
		};
		449066112ABA133B006BF246 /* MYCTests */ = {
			isa = PBXNativeTarget;
			buildConfigurationList = 449066292ABA133B006BF246 /* Build configuration list for PBXNativeTarget "MYCTests" */;
			buildPhases = (
				4490660E2ABA133B006BF246 /* Sources */,
				4490660F2ABA133B006BF246 /* Frameworks */,
				449066102ABA133B006BF246 /* Resources */,
			);
			buildRules = (
			);
			dependencies = (
				449066142ABA133B006BF246 /* PBXTargetDependency */,
			);
			name = MYCTests;
			productName = MYCTests;
			productReference = 449066122ABA133B006BF246 /* MYCTests.xctest */;
			productType = "com.apple.product-type.bundle.unit-test";
		};
		4490661B2ABA133B006BF246 /* MYCUITests */ = {
			isa = PBXNativeTarget;
			buildConfigurationList = 4490662C2ABA133B006BF246 /* Build configuration list for PBXNativeTarget "MYCUITests" */;
			buildPhases = (
				449066182ABA133B006BF246 /* Sources */,
				449066192ABA133B006BF246 /* Frameworks */,
				4490661A2ABA133B006BF246 /* Resources */,
			);
			buildRules = (
			);
			dependencies = (
				4490661E2ABA133B006BF246 /* PBXTargetDependency */,
			);
			name = MYCUITests;
			productName = MYCUITests;
			productReference = 4490661C2ABA133B006BF246 /* MYCUITests.xctest */;
			productType = "com.apple.product-type.bundle.ui-testing";
		};
/* End PBXNativeTarget section */

/* Begin PBXProject section */
		449065FA2ABA1339006BF246 /* Project object */ = {
			isa = PBXProject;
			attributes = {
				BuildIndependentTargetsInParallel = 1;
				LastSwiftUpdateCheck = 1430;
				LastUpgradeCheck = 1430;
				TargetAttributes = {
					449066012ABA1339006BF246 = {
						CreatedOnToolsVersion = 14.3.1;
					};
					449066112ABA133B006BF246 = {
						CreatedOnToolsVersion = 14.3.1;
						TestTargetID = 449066012ABA1339006BF246;
					};
					4490661B2ABA133B006BF246 = {
						CreatedOnToolsVersion = 14.3.1;
						TestTargetID = 449066012ABA1339006BF246;
					};
				};
			};
			buildConfigurationList = 449065FD2ABA1339006BF246 /* Build configuration list for PBXProject "MYC" */;
			compatibilityVersion = "Xcode 14.0";
			developmentRegion = en;
			hasScannedForEncodings = 0;
			knownRegions = (
				en,
				Base,
			);
			mainGroup = 449065F92ABA1339006BF246;
			productRefGroup = 449066032ABA1339006BF246 /* Products */;
			projectDirPath = "";
			projectRoot = "";
			targets = (
				449066012ABA1339006BF246 /* MYC */,
				449066112ABA133B006BF246 /* MYCTests */,
				4490661B2ABA133B006BF246 /* MYCUITests */,
			);
		};
/* End PBXProject section */

/* Begin PBXResourcesBuildPhase section */
		449066002ABA1339006BF246 /* Resources */ = {
			isa = PBXResourcesBuildPhase;
			buildActionMask = 2147483647;
			files = (
				4490660D2ABA133B006BF246 /* Preview Assets.xcassets in Resources */,
				4490660A2ABA133B006BF246 /* Assets.xcassets in Resources */,
			);
			runOnlyForDeploymentPostprocessing = 0;
		};
		449066102ABA133B006BF246 /* Resources */ = {
			isa = PBXResourcesBuildPhase;
			buildActionMask = 2147483647;
			files = (
			);
			runOnlyForDeploymentPostprocessing = 0;
		};
		4490661A2ABA133B006BF246 /* Resources */ = {
			isa = PBXResourcesBuildPhase;
			buildActionMask = 2147483647;
			files = (
			);
			runOnlyForDeploymentPostprocessing = 0;
		};
/* End PBXResourcesBuildPhase section */

/* Begin PBXSourcesBuildPhase section */
		449065FE2ABA1339006BF246 /* Sources */ = {
			isa = PBXSourcesBuildPhase;
			buildActionMask = 2147483647;
			files = (
				449066082ABA1339006BF246 /* ContentView.swift in Sources */,
				449066062ABA1339006BF246 /* MYCApp.swift in Sources */,
			);
			runOnlyForDeploymentPostprocessing = 0;
		};
		4490660E2ABA133B006BF246 /* Sources */ = {
			isa = PBXSourcesBuildPhase;
			buildActionMask = 2147483647;
			files = (
				449066172ABA133B006BF246 /* MYCTests.swift in Sources */,
			);
			runOnlyForDeploymentPostprocessing = 0;
		};
		449066182ABA133B006BF246 /* Sources */ = {
			isa = PBXSourcesBuildPhase;
			buildActionMask = 2147483647;
			files = (
				449066232ABA133B006BF246 /* MYCUITestsLaunchTests.swift in Sources */,
				449066212ABA133B006BF246 /* MYCUITests.swift in Sources */,
			);
			runOnlyForDeploymentPostprocessing = 0;
		};
/* End PBXSourcesBuildPhase section */

/* Begin PBXTargetDependency section */
		449066142ABA133B006BF246 /* PBXTargetDependency */ = {
			isa = PBXTargetDependency;
			target = 449066012ABA1339006BF246 /* MYC */;
			targetProxy = 449066132ABA133B006BF246 /* PBXContainerItemProxy */;
		};
		4490661E2ABA133B006BF246 /* PBXTargetDependency */ = {
			isa = PBXTargetDependency;
			target = 449066012ABA1339006BF246 /* MYC */;
			targetProxy = 4490661D2ABA133B006BF246 /* PBXContainerItemProxy */;
		};
/* End PBXTargetDependency section */

/* Begin XCBuildConfiguration section */
		449066242ABA133B006BF246 /* Debug */ = {
			isa = XCBuildConfiguration;
			buildSettings = {
				ALWAYS_SEARCH_USER_PATHS = NO;
				CLANG_ANALYZER_NONNULL = YES;
				CLANG_ANALYZER_NUMBER_OBJECT_CONVERSION = YES_AGGRESSIVE;
				CLANG_CXX_LANGUAGE_STANDARD = "gnu++20";
				CLANG_ENABLE_MODULES = YES;
				CLANG_ENABLE_OBJC_ARC = YES;
				CLANG_ENABLE_OBJC_WEAK = YES;
				CLANG_WARN_BLOCK_CAPTURE_AUTORELEASING = YES;
				CLANG_WARN_BOOL_CONVERSION = YES;
				CLANG_WARN_COMMA = YES;
				CLANG_WARN_CONSTANT_CONVERSION = YES;
				CLANG_WARN_DEPRECATED_OBJC_IMPLEMENTATIONS = YES;
				CLANG_WARN_DIRECT_OBJC_ISA_USAGE = YES_ERROR;
				CLANG_WARN_DOCUMENTATION_COMMENTS = YES;
				CLANG_WARN_EMPTY_BODY = YES;
				CLANG_WARN_ENUM_CONVERSION = YES;
				CLANG_WARN_INFINITE_RECURSION = YES;
				CLANG_WARN_INT_CONVERSION = YES;
				CLANG_WARN_NON_LITERAL_NULL_CONVERSION = YES;
				CLANG_WARN_OBJC_IMPLICIT_RETAIN_SELF = YES;
				CLANG_WARN_OBJC_LITERAL_CONVERSION = YES;
				CLANG_WARN_OBJC_ROOT_CLASS = YES_ERROR;
				CLANG_WARN_QUOTED_INCLUDE_IN_FRAMEWORK_HEADER = YES;
				CLANG_WARN_RANGE_LOOP_ANALYSIS = YES;
				CLANG_WARN_STRICT_PROTOTYPES = YES;
				CLANG_WARN_SUSPICIOUS_MOVE = YES;
				CLANG_WARN_UNGUARDED_AVAILABILITY = YES_AGGRESSIVE;
				CLANG_WARN_UNREACHABLE_CODE = YES;
				CLANG_WARN__DUPLICATE_METHOD_MATCH = YES;
				COPY_PHASE_STRIP = NO;
				DEBUG_INFORMATION_FORMAT = dwarf;
				ENABLE_STRICT_OBJC_MSGSEND = YES;
				ENABLE_TESTABILITY = YES;
				GCC_C_LANGUAGE_STANDARD = gnu11;
				GCC_DYNAMIC_NO_PIC = NO;
				GCC_NO_COMMON_BLOCKS = YES;
				GCC_OPTIMIZATION_LEVEL = 0;
				GCC_PREPROCESSOR_DEFINITIONS = (
					"DEBUG=1",
					"$(inherited)",
				);
				GCC_WARN_64_TO_32_BIT_CONVERSION = YES;
				GCC_WARN_ABOUT_RETURN_TYPE = YES_ERROR;
				GCC_WARN_UNDECLARED_SELECTOR = YES;
				GCC_WARN_UNINITIALIZED_AUTOS = YES_AGGRESSIVE;
				GCC_WARN_UNUSED_FUNCTION = YES;
				GCC_WARN_UNUSED_VARIABLE = YES;
				IPHONEOS_DEPLOYMENT_TARGET = 16.4;
				MTL_ENABLE_DEBUG_INFO = INCLUDE_SOURCE;
				MTL_FAST_MATH = YES;
				ONLY_ACTIVE_ARCH = YES;
				SDKROOT = iphoneos;
				SWIFT_ACTIVE_COMPILATION_CONDITIONS = DEBUG;
				SWIFT_OPTIMIZATION_LEVEL = "-Onone";
			};
			name = Debug;
		};
		449066252ABA133B006BF246 /* Release */ = {
			isa = XCBuildConfiguration;
			buildSettings = {
				ALWAYS_SEARCH_USER_PATHS = NO;
				CLANG_ANALYZER_NONNULL = YES;
				CLANG_ANALYZER_NUMBER_OBJECT_CONVERSION = YES_AGGRESSIVE;
				CLANG_CXX_LANGUAGE_STANDARD = "gnu++20";
				CLANG_ENABLE_MODULES = YES;
				CLANG_ENABLE_OBJC_ARC = YES;
				CLANG_ENABLE_OBJC_WEAK = YES;
				CLANG_WARN_BLOCK_CAPTURE_AUTORELEASING = YES;
				CLANG_WARN_BOOL_CONVERSION = YES;
				CLANG_WARN_COMMA = YES;
				CLANG_WARN_CONSTANT_CONVERSION = YES;
				CLANG_WARN_DEPRECATED_OBJC_IMPLEMENTATIONS = YES;
				CLANG_WARN_DIRECT_OBJC_ISA_USAGE = YES_ERROR;
				CLANG_WARN_DOCUMENTATION_COMMENTS = YES;
				CLANG_WARN_EMPTY_BODY = YES;
				CLANG_WARN_ENUM_CONVERSION = YES;
				CLANG_WARN_INFINITE_RECURSION = YES;
				CLANG_WARN_INT_CONVERSION = YES;
				CLANG_WARN_NON_LITERAL_NULL_CONVERSION = YES;
				CLANG_WARN_OBJC_IMPLICIT_RETAIN_SELF = YES;
				CLANG_WARN_OBJC_LITERAL_CONVERSION = YES;
				CLANG_WARN_OBJC_ROOT_CLASS = YES_ERROR;
				CLANG_WARN_QUOTED_INCLUDE_IN_FRAMEWORK_HEADER = YES;
				CLANG_WARN_RANGE_LOOP_ANALYSIS = YES;
				CLANG_WARN_STRICT_PROTOTYPES = YES;
				CLANG_WARN_SUSPICIOUS_MOVE = YES;
				CLANG_WARN_UNGUARDED_AVAILABILITY = YES_AGGRESSIVE;
				CLANG_WARN_UNREACHABLE_CODE = YES;
				CLANG_WARN__DUPLICATE_METHOD_MATCH = YES;
				COPY_PHASE_STRIP = NO;
				DEBUG_INFORMATION_FORMAT = "dwarf-with-dsym";
				ENABLE_NS_ASSERTIONS = NO;
				ENABLE_STRICT_OBJC_MSGSEND = YES;
				GCC_C_LANGUAGE_STANDARD = gnu11;
				GCC_NO_COMMON_BLOCKS = YES;
				GCC_WARN_64_TO_32_BIT_CONVERSION = YES;
				GCC_WARN_ABOUT_RETURN_TYPE = YES_ERROR;
				GCC_WARN_UNDECLARED_SELECTOR = YES;
				GCC_WARN_UNINITIALIZED_AUTOS = YES_AGGRESSIVE;
				GCC_WARN_UNUSED_FUNCTION = YES;
				GCC_WARN_UNUSED_VARIABLE = YES;
				IPHONEOS_DEPLOYMENT_TARGET = 16.4;
				MTL_ENABLE_DEBUG_INFO = NO;
				MTL_FAST_MATH = YES;
				SDKROOT = iphoneos;
				SWIFT_COMPILATION_MODE = wholemodule;
				SWIFT_OPTIMIZATION_LEVEL = "-O";
				VALIDATE_PRODUCT = YES;
			};
			name = Release;
		};
		449066272ABA133B006BF246 /* Debug */ = {
			isa = XCBuildConfiguration;
			buildSettings = {
				ASSETCATALOG_COMPILER_APPICON_NAME = AppIcon;
				ASSETCATALOG_COMPILER_GLOBAL_ACCENT_COLOR_NAME = AccentColor;
				CODE_SIGN_STYLE = Automatic;
				CURRENT_PROJECT_VERSION = 1;
				DEVELOPMENT_ASSET_PATHS = "\"MYC/Preview Content\"";
				DEVELOPMENT_TEAM = 26LY2N9LJ3;
				ENABLE_PREVIEWS = YES;
				GENERATE_INFOPLIST_FILE = YES;
				INFOPLIST_KEY_UIApplicationSceneManifest_Generation = YES;
				INFOPLIST_KEY_UIApplicationSupportsIndirectInputEvents = YES;
				INFOPLIST_KEY_UILaunchScreen_Generation = YES;
				INFOPLIST_KEY_UISupportedInterfaceOrientations_iPad = "UIInterfaceOrientationPortrait UIInterfaceOrientationPortraitUpsideDown UIInterfaceOrientationLandscapeLeft UIInterfaceOrientationLandscapeRight";
				INFOPLIST_KEY_UISupportedInterfaceOrientations_iPhone = "UIInterfaceOrientationPortrait UIInterfaceOrientationLandscapeLeft UIInterfaceOrientationLandscapeRight";
				LD_RUNPATH_SEARCH_PATHS = (
					"$(inherited)",
					"@executable_path/Frameworks",
				);
				MARKETING_VERSION = 1.0;
				PRODUCT_BUNDLE_IDENTIFIER = com.rei.MYC;
				PRODUCT_NAME = "$(TARGET_NAME)";
				SWIFT_EMIT_LOC_STRINGS = YES;
				SWIFT_VERSION = 5.0;
				TARGETED_DEVICE_FAMILY = "1,2";
			};
			name = Debug;
		};
		449066282ABA133B006BF246 /* Release */ = {
			isa = XCBuildConfiguration;
			buildSettings = {
				ASSETCATALOG_COMPILER_APPICON_NAME = AppIcon;
				ASSETCATALOG_COMPILER_GLOBAL_ACCENT_COLOR_NAME = AccentColor;
				CODE_SIGN_STYLE = Automatic;
				CURRENT_PROJECT_VERSION = 1;
				DEVELOPMENT_ASSET_PATHS = "\"MYC/Preview Content\"";
				DEVELOPMENT_TEAM = 26LY2N9LJ3;
				ENABLE_PREVIEWS = YES;
				GENERATE_INFOPLIST_FILE = YES;
				INFOPLIST_KEY_UIApplicationSceneManifest_Generation = YES;
				INFOPLIST_KEY_UIApplicationSupportsIndirectInputEvents = YES;
				INFOPLIST_KEY_UILaunchScreen_Generation = YES;
				INFOPLIST_KEY_UISupportedInterfaceOrientations_iPad = "UIInterfaceOrientationPortrait UIInterfaceOrientationPortraitUpsideDown UIInterfaceOrientationLandscapeLeft UIInterfaceOrientationLandscapeRight";
				INFOPLIST_KEY_UISupportedInterfaceOrientations_iPhone = "UIInterfaceOrientationPortrait UIInterfaceOrientationLandscapeLeft UIInterfaceOrientationLandscapeRight";
				LD_RUNPATH_SEARCH_PATHS = (
					"$(inherited)",
					"@executable_path/Frameworks",
				);
				MARKETING_VERSION = 1.0;
				PRODUCT_BUNDLE_IDENTIFIER = com.rei.MYC;
				PRODUCT_NAME = "$(TARGET_NAME)";
				SWIFT_EMIT_LOC_STRINGS = YES;
				SWIFT_VERSION = 5.0;
				TARGETED_DEVICE_FAMILY = "1,2";
			};
			name = Release;
		};
		4490662A2ABA133B006BF246 /* Debug */ = {
			isa = XCBuildConfiguration;
			buildSettings = {
				ALWAYS_EMBED_SWIFT_STANDARD_LIBRARIES = YES;
				BUNDLE_LOADER = "$(TEST_HOST)";
				CODE_SIGN_STYLE = Automatic;
				CURRENT_PROJECT_VERSION = 1;
				DEVELOPMENT_TEAM = 26LY2N9LJ3;
				GENERATE_INFOPLIST_FILE = YES;
				IPHONEOS_DEPLOYMENT_TARGET = 16.4;
				MARKETING_VERSION = 1.0;
				PRODUCT_BUNDLE_IDENTIFIER = com.rei.MYCTests;
				PRODUCT_NAME = "$(TARGET_NAME)";
				SWIFT_EMIT_LOC_STRINGS = NO;
				SWIFT_VERSION = 5.0;
				TARGETED_DEVICE_FAMILY = "1,2";
				TEST_HOST = "$(BUILT_PRODUCTS_DIR)/MYC.app/$(BUNDLE_EXECUTABLE_FOLDER_PATH)/MYC";
			};
			name = Debug;
		};
		4490662B2ABA133B006BF246 /* Release */ = {
			isa = XCBuildConfiguration;
			buildSettings = {
				ALWAYS_EMBED_SWIFT_STANDARD_LIBRARIES = YES;
				BUNDLE_LOADER = "$(TEST_HOST)";
				CODE_SIGN_STYLE = Automatic;
				CURRENT_PROJECT_VERSION = 1;
				DEVELOPMENT_TEAM = 26LY2N9LJ3;
				GENERATE_INFOPLIST_FILE = YES;
				IPHONEOS_DEPLOYMENT_TARGET = 16.4;
				MARKETING_VERSION = 1.0;
				PRODUCT_BUNDLE_IDENTIFIER = com.rei.MYCTests;
				PRODUCT_NAME = "$(TARGET_NAME)";
				SWIFT_EMIT_LOC_STRINGS = NO;
				SWIFT_VERSION = 5.0;
				TARGETED_DEVICE_FAMILY = "1,2";
				TEST_HOST = "$(BUILT_PRODUCTS_DIR)/MYC.app/$(BUNDLE_EXECUTABLE_FOLDER_PATH)/MYC";
			};
			name = Release;
		};
		4490662D2ABA133B006BF246 /* Debug */ = {
			isa = XCBuildConfiguration;
			buildSettings = {
				ALWAYS_EMBED_SWIFT_STANDARD_LIBRARIES = YES;
				CODE_SIGN_STYLE = Automatic;
				CURRENT_PROJECT_VERSION = 1;
				DEVELOPMENT_TEAM = 26LY2N9LJ3;
				GENERATE_INFOPLIST_FILE = YES;
				MARKETING_VERSION = 1.0;
				PRODUCT_BUNDLE_IDENTIFIER = com.rei.MYCUITests;
				PRODUCT_NAME = "$(TARGET_NAME)";
				SWIFT_EMIT_LOC_STRINGS = NO;
				SWIFT_VERSION = 5.0;
				TARGETED_DEVICE_FAMILY = "1,2";
				TEST_TARGET_NAME = MYC;
			};
			name = Debug;
		};
		4490662E2ABA133B006BF246 /* Release */ = {
			isa = XCBuildConfiguration;
			buildSettings = {
				ALWAYS_EMBED_SWIFT_STANDARD_LIBRARIES = YES;
				CODE_SIGN_STYLE = Automatic;
				CURRENT_PROJECT_VERSION = 1;
				DEVELOPMENT_TEAM = 26LY2N9LJ3;
				GENERATE_INFOPLIST_FILE = YES;
				MARKETING_VERSION = 1.0;
				PRODUCT_BUNDLE_IDENTIFIER = com.rei.MYCUITests;
				PRODUCT_NAME = "$(TARGET_NAME)";
				SWIFT_EMIT_LOC_STRINGS = NO;
				SWIFT_VERSION = 5.0;
				TARGETED_DEVICE_FAMILY = "1,2";
				TEST_TARGET_NAME = MYC;
			};
			name = Release;
		};
/* End XCBuildConfiguration section */

/* Begin XCConfigurationList section */
		449065FD2ABA1339006BF246 /* Build configuration list for PBXProject "MYC" */ = {
			isa = XCConfigurationList;
			buildConfigurations = (
				449066242ABA133B006BF246 /* Debug */,
				449066252ABA133B006BF246 /* Release */,
			);
			defaultConfigurationIsVisible = 0;
			defaultConfigurationName = Release;
		};
		449066262ABA133B006BF246 /* Build configuration list for PBXNativeTarget "MYC" */ = {
			isa = XCConfigurationList;
			buildConfigurations = (
				449066272ABA133B006BF246 /* Debug */,
				449066282ABA133B006BF246 /* Release */,
			);
			defaultConfigurationIsVisible = 0;
			defaultConfigurationName = Release;
		};
		449066292ABA133B006BF246 /* Build configuration list for PBXNativeTarget "MYCTests" */ = {
			isa = XCConfigurationList;
			buildConfigurations = (
				4490662A2ABA133B006BF246 /* Debug */,
				4490662B2ABA133B006BF246 /* Release */,
			);
			defaultConfigurationIsVisible = 0;
			defaultConfigurationName = Release;
		};
		4490662C2ABA133B006BF246 /* Build configuration list for PBXNativeTarget "MYCUITests" */ = {
			isa = XCConfigurationList;
			buildConfigurations = (
				4490662D2ABA133B006BF246 /* Debug */,
				4490662E2ABA133B006BF246 /* Release */,
			);
			defaultConfigurationIsVisible = 0;
			defaultConfigurationName = Release;
		};
/* End XCConfigurationList section */
	};
	rootObject = 449065FA2ABA1339006BF246 /* Project object */;
}
